
Microsoft Visual Studio Solution File, Format Version 12.00
# Visual Studio Version 17
VisualStudioVersion = 17.0.31903.59
MinimumVisualStudioVersion = 10.0.40219.1
Project("{2150E333-8FDC-42A3-9474-1A3956D46DE8}") = "src", "src", "{DB552B9A-AA82-4FEC-B157-C88878F2BF90}"
EndProject
Project("{FAE04EC0-301F-11D3-BF4B-00C04F79EFBC}") = "DesignPatterns", "src\DesignPatterns\DesignPatterns.csproj", "{678D4B6F-5002-4114-B730-8FBB1199353A}"
EndProject
Global
	GlobalSection(SolutionConfigurationPlatforms) = preSolution
		Debug|Any CPU = Debug|Any CPU
		Release|Any CPU = Release|Any CPU
	EndGlobalSection
	GlobalSection(SolutionProperties) = preSolution
		HideSolutionNode = FALSE
	EndGlobalSection
	GlobalSection(ProjectConfigurationPlatforms) = postSolution
		{678D4B6F-5002-4114-B730-8FBB1199353A}.Debug|Any CPU.ActiveCfg = Debug|Any CPU
		{678D4B6F-5002-4114-B730-8FBB1199353A}.Debug|Any CPU.Build.0 = Debug|Any CPU
		{678D4B6F-5002-4114-B730-8FBB1199353A}.Release|Any CPU.ActiveCfg = Release|Any CPU
		{678D4B6F-5002-4114-B730-8FBB1199353A}.Release|Any CPU.Build.0 = Release|Any CPU
	EndGlobalSection
	GlobalSection(NestedProjects) = preSolution
		{678D4B6F-5002-4114-B730-8FBB1199353A} = {DB552B9A-AA82-4FEC-B157-C88878F2BF90}
	EndGlobalSection
EndGlobal
